
Microsoft Visual Studio Solution File, Format Version 12.00
# Visual Studio 15
Project("{FAE04EC0-301F-11D3-BF4B-00C04F79EFBC}") = "Assembly-CSharp", "Assembly-CSharp.csproj", "{CD268E02-7F9D-87BB-4C3A-F16130B5683A}"
EndProject
Global
	GlobalSection(SolutionConfigurationPlatforms) = preSolution
		Debug|Any CPU = Debug|Any CPU
		Release|Any CPU = Release|Any CPU
	EndGlobalSection
	GlobalSection(ProjectConfigurationPlatforms) = postSolution
		{CD268E02-7F9D-87BB-4C3A-F16130B5683A}.Debug|Any CPU.ActiveCfg = Debug|Any CPU
		{CD268E02-7F9D-87BB-4C3A-F16130B5683A}.Debug|Any CPU.Build.0 = Debug|Any CPU
		{CD268E02-7F9D-87BB-4C3A-F16130B5683A}.Release|Any CPU.ActiveCfg = Release|Any CPU
		{CD268E02-7F9D-87BB-4C3A-F16130B5683A}.Release|Any CPU.Build.0 = Release|Any CPU
	EndGlobalSection
	GlobalSection(SolutionProperties) = preSolution
		HideSolutionNode = FALSE
	EndGlobalSection
EndGlobal
